
Microsoft Visual Studio Solution File, Format Version 12.00
# Visual Studio Version 17
VisualStudioVersion = 17.0.31919.166
MinimumVisualStudioVersion = 10.0.40219.1
Project("{2150E333-8FDC-42A3-9474-1A3956D46DE8}") = "Services", "Services", "{8AEF243A-70F3-4E15-8088-E0387FB1C48C}"
EndProject
Project("{2150E333-8FDC-42A3-9474-1A3956D46DE8}") = "Catalog", "Catalog", "{4C3E86DF-0A29-4912-AA50-5648CEC9182C}"
EndProject
Project("{FAE04EC0-301F-11D3-BF4B-00C04F79EFBC}") = "Catalog.API", "Services\Catalog\Catalog.API\Catalog.API.csproj", "{2BFC0C07-3965-4A18-A9DD-6FBB60872BC3}"
EndProject
Global
	GlobalSection(SolutionConfigurationPlatforms) = preSolution
		Debug|Any CPU = Debug|Any CPU
		Release|Any CPU = Release|Any CPU
	EndGlobalSection
	GlobalSection(ProjectConfigurationPlatforms) = postSolution
		{2BFC0C07-3965-4A18-A9DD-6FBB60872BC3}.Debug|Any CPU.ActiveCfg = Debug|Any CPU
		{2BFC0C07-3965-4A18-A9DD-6FBB60872BC3}.Debug|Any CPU.Build.0 = Debug|Any CPU
		{2BFC0C07-3965-4A18-A9DD-6FBB60872BC3}.Release|Any CPU.ActiveCfg = Release|Any CPU
		{2BFC0C07-3965-4A18-A9DD-6FBB60872BC3}.Release|Any CPU.Build.0 = Release|Any CPU
	EndGlobalSection
	GlobalSection(SolutionProperties) = preSolution
		HideSolutionNode = FALSE
	EndGlobalSection
	GlobalSection(NestedProjects) = preSolution
		{4C3E86DF-0A29-4912-AA50-5648CEC9182C} = {8AEF243A-70F3-4E15-8088-E0387FB1C48C}
		{2BFC0C07-3965-4A18-A9DD-6FBB60872BC3} = {4C3E86DF-0A29-4912-AA50-5648CEC9182C}
	EndGlobalSection
	GlobalSection(ExtensibilityGlobals) = postSolution
		SolutionGuid = {D38B2284-15A5-4597-AB13-899C4294936A}
	EndGlobalSection
EndGlobal
